
Microsoft Visual Studio Solution File, Format Version 12.00
# Visual Studio Version 17
VisualStudioVersion = 17.0.32014.148
MinimumVisualStudioVersion = 10.0.40219.1
Project("{FAE04EC0-301F-11D3-BF4B-00C04F79EFBC}") = "AvalonLogViewer", "AvalonLogViewer\AvalonLogViewer.csproj", "{0F7024FB-84D9-48A6-804E-C55B4074B7E3}"
EndProject
Global
	GlobalSection(SolutionConfigurationPlatforms) = preSolution
		Debug|Any CPU = Debug|Any CPU
		Release|Any CPU = Release|Any CPU
	EndGlobalSection
	GlobalSection(ProjectConfigurationPlatforms) = postSolution
		{0F7024FB-84D9-48A6-804E-C55B4074B7E3}.Debug|Any CPU.ActiveCfg = Debug|Any CPU
		{0F7024FB-84D9-48A6-804E-C55B4074B7E3}.Debug|Any CPU.Build.0 = Debug|Any CPU
		{0F7024FB-84D9-48A6-804E-C55B4074B7E3}.Release|Any CPU.ActiveCfg = Release|Any CPU
		{0F7024FB-84D9-48A6-804E-C55B4074B7E3}.Release|Any CPU.Build.0 = Release|Any CPU
	EndGlobalSection
	GlobalSection(SolutionProperties) = preSolution
		HideSolutionNode = FALSE
	EndGlobalSection
	GlobalSection(ExtensibilityGlobals) = postSolution
		SolutionGuid = {AE97E4CF-3F47-43D2-86AB-5CF92B1FA0D8}
	EndGlobalSection
EndGlobal
