
Microsoft Visual Studio Solution File, Format Version 12.00
# Visual Studio Version 17
VisualStudioVersion = 17.0.32014.148
MinimumVisualStudioVersion = 10.0.40219.1
Project("{9A19103F-16F7-4668-BE54-9A1E7A4F7556}") = "AvalonViewer", "AvalonLogViewer\AvalonViewer.csproj", "{0F7024FB-84D9-48A6-804E-C55B4074B7E3}"
EndProject
Project("{54435603-DBB4-11D2-8724-00A0C9A8B90C}") = "AvalonMiner viewer", "AvalonMinerViewer\AvalonMinerViewer.vdproj", "{FC85A4B8-CE84-49EC-99A7-112E98DE5938}"
EndProject
Global
	GlobalSection(SolutionConfigurationPlatforms) = preSolution
		Debug|Any CPU = Debug|Any CPU
		Release|Any CPU = Release|Any CPU
	EndGlobalSection
	GlobalSection(ProjectConfigurationPlatforms) = postSolution
		{0F7024FB-84D9-48A6-804E-C55B4074B7E3}.Debug|Any CPU.ActiveCfg = Release|Any CPU
		{0F7024FB-84D9-48A6-804E-C55B4074B7E3}.Debug|Any CPU.Build.0 = Release|Any CPU
		{0F7024FB-84D9-48A6-804E-C55B4074B7E3}.Release|Any CPU.ActiveCfg = Release|Any CPU
		{0F7024FB-84D9-48A6-804E-C55B4074B7E3}.Release|Any CPU.Build.0 = Release|Any CPU
		{FC85A4B8-CE84-49EC-99A7-112E98DE5938}.Debug|Any CPU.ActiveCfg = Debug
		{FC85A4B8-CE84-49EC-99A7-112E98DE5938}.Release|Any CPU.ActiveCfg = Release
	EndGlobalSection
	GlobalSection(SolutionProperties) = preSolution
		HideSolutionNode = FALSE
	EndGlobalSection
	GlobalSection(ExtensibilityGlobals) = postSolution
		SolutionGuid = {AE97E4CF-3F47-43D2-86AB-5CF92B1FA0D8}
	EndGlobalSection
EndGlobal
